// !$*UTF8*$!
{
	archiveVersion = 1;
	classes = {
	};
	objectVersion = 50;
	objects = {

/* Begin PBXBuildFile section */
		F459066526EFCB0D0077781A /* AppDelegate.swift in Sources */ = {isa = PBXBuildFile; fileRef = F459066426EFCB0D0077781A /* AppDelegate.swift */; };
		F459066726EFCB0D0077781A /* SceneDelegate.swift in Sources */ = {isa = PBXBuildFile; fileRef = F459066626EFCB0D0077781A /* SceneDelegate.swift */; };
		F459066926EFCB0D0077781A /* CourseListViewController.swift in Sources */ = {isa = PBXBuildFile; fileRef = F459066826EFCB0D0077781A /* CourseListViewController.swift */; };
		F459066C26EFCB0D0077781A /* Main.storyboard in Resources */ = {isa = PBXBuildFile; fileRef = F459066A26EFCB0D0077781A /* Main.storyboard */; };
		F459066E26EFCB100077781A /* Assets.xcassets in Resources */ = {isa = PBXBuildFile; fileRef = F459066D26EFCB100077781A /* Assets.xcassets */; };
		F459067126EFCB100077781A /* LaunchScreen.storyboard in Resources */ = {isa = PBXBuildFile; fileRef = F459066F26EFCB100077781A /* LaunchScreen.storyboard */; };
		F459067F26F01CB50077781A /* CourseListViewModel.swift in Sources */ = {isa = PBXBuildFile; fileRef = F459067E26F01CB50077781A /* CourseListViewModel.swift */; };
		F459068126F01CF20077781A /* CourseTableViewCell.swift in Sources */ = {isa = PBXBuildFile; fileRef = F459068026F01CF20077781A /* CourseTableViewCell.swift */; };
		F459068326F01D240077781A /* TableViewCellViewModel.swift in Sources */ = {isa = PBXBuildFile; fileRef = F459068226F01D240077781A /* TableViewCellViewModel.swift */; };
		F459068526F01E3C0077781A /* Course.swift in Sources */ = {isa = PBXBuildFile; fileRef = F459068426F01E3C0077781A /* Course.swift */; };
		F459068726F01E6D0077781A /* NetworkManager.swift in Sources */ = {isa = PBXBuildFile; fileRef = F459068626F01E6D0077781A /* NetworkManager.swift */; };
		F459068926F01E880077781A /* ImageManager.swift in Sources */ = {isa = PBXBuildFile; fileRef = F459068826F01E880077781A /* ImageManager.swift */; };
/* End PBXBuildFile section */

/* Begin PBXFileReference section */
		F459066126EFCB0D0077781A /* Step 3.app */ = {isa = PBXFileReference; explicitFileType = wrapper.application; includeInIndex = 0; path = "Step 3.app"; sourceTree = BUILT_PRODUCTS_DIR; };
		F459066426EFCB0D0077781A /* AppDelegate.swift */ = {isa = PBXFileReference; lastKnownFileType = sourcecode.swift; path = AppDelegate.swift; sourceTree = "<group>"; };
		F459066626EFCB0D0077781A /* SceneDelegate.swift */ = {isa = PBXFileReference; lastKnownFileType = sourcecode.swift; path = SceneDelegate.swift; sourceTree = "<group>"; };
		F459066826EFCB0D0077781A /* CourseListViewController.swift */ = {isa = PBXFileReference; lastKnownFileType = sourcecode.swift; path = CourseListViewController.swift; sourceTree = "<group>"; };
		F459066B26EFCB0D0077781A /* Base */ = {isa = PBXFileReference; lastKnownFileType = file.storyboard; name = Base; path = Base.lproj/Main.storyboard; sourceTree = "<group>"; };
		F459066D26EFCB100077781A /* Assets.xcassets */ = {isa = PBXFileReference; lastKnownFileType = folder.assetcatalog; path = Assets.xcassets; sourceTree = "<group>"; };
		F459067026EFCB100077781A /* Base */ = {isa = PBXFileReference; lastKnownFileType = file.storyboard; name = Base; path = Base.lproj/LaunchScreen.storyboard; sourceTree = "<group>"; };
		F459067226EFCB100077781A /* Info.plist */ = {isa = PBXFileReference; lastKnownFileType = text.plist.xml; path = Info.plist; sourceTree = "<group>"; };
		F459067E26F01CB50077781A /* CourseListViewModel.swift */ = {isa = PBXFileReference; lastKnownFileType = sourcecode.swift; path = CourseListViewModel.swift; sourceTree = "<group>"; };
		F459068026F01CF20077781A /* CourseTableViewCell.swift */ = {isa = PBXFileReference; lastKnownFileType = sourcecode.swift; path = CourseTableViewCell.swift; sourceTree = "<group>"; };
		F459068226F01D240077781A /* TableViewCellViewModel.swift */ = {isa = PBXFileReference; lastKnownFileType = sourcecode.swift; path = TableViewCellViewModel.swift; sourceTree = "<group>"; };
		F459068426F01E3C0077781A /* Course.swift */ = {isa = PBXFileReference; lastKnownFileType = sourcecode.swift; path = Course.swift; sourceTree = "<group>"; };
		F459068626F01E6D0077781A /* NetworkManager.swift */ = {isa = PBXFileReference; lastKnownFileType = sourcecode.swift; path = NetworkManager.swift; sourceTree = "<group>"; };
		F459068826F01E880077781A /* ImageManager.swift */ = {isa = PBXFileReference; lastKnownFileType = sourcecode.swift; path = ImageManager.swift; sourceTree = "<group>"; };
/* End PBXFileReference section */

/* Begin PBXFrameworksBuildPhase section */
		F459065E26EFCB0D0077781A /* Frameworks */ = {
			isa = PBXFrameworksBuildPhase;
			buildActionMask = 2147483647;
			files = (
			);
			runOnlyForDeploymentPostprocessing = 0;
		};
/* End PBXFrameworksBuildPhase section */

/* Begin PBXGroup section */
		F459065826EFCB0D0077781A = {
			isa = PBXGroup;
			children = (
				F459066326EFCB0D0077781A /* Step 3 */,
				F459066226EFCB0D0077781A /* Products */,
			);
			sourceTree = "<group>";
		};
		F459066226EFCB0D0077781A /* Products */ = {
			isa = PBXGroup;
			children = (
				F459066126EFCB0D0077781A /* Step 3.app */,
			);
			name = Products;
			sourceTree = "<group>";
		};
		F459066326EFCB0D0077781A /* Step 3 */ = {
			isa = PBXGroup;
			children = (
				F459067B26F01BC30077781A /* CourseList */,
				F459067A26F01BB40077781A /* Models */,
				F459067926F01B7A0077781A /* Storyboard */,
				F459067C26F01BFA0077781A /* Managers */,
				F459067826F01B4D0077781A /* Services */,
				F459067226EFCB100077781A /* Info.plist */,
			);
			path = "Step 3";
			sourceTree = "<group>";
		};
		F459067826F01B4D0077781A /* Services */ = {
			isa = PBXGroup;
			children = (
				F459066626EFCB0D0077781A /* SceneDelegate.swift */,
				F459066426EFCB0D0077781A /* AppDelegate.swift */,
			);
			path = Services;
			sourceTree = "<group>";
		};
		F459067926F01B7A0077781A /* Storyboard */ = {
			isa = PBXGroup;
			children = (
				F459066D26EFCB100077781A /* Assets.xcassets */,
				F459066F26EFCB100077781A /* LaunchScreen.storyboard */,
				F459066A26EFCB0D0077781A /* Main.storyboard */,
			);
			path = Storyboard;
			sourceTree = "<group>";
		};
		F459067A26F01BB40077781A /* Models */ = {
			isa = PBXGroup;
			children = (
				F459068426F01E3C0077781A /* Course.swift */,
			);
			path = Models;
			sourceTree = "<group>";
		};
		F459067B26F01BC30077781A /* CourseList */ = {
			isa = PBXGroup;
			children = (
				F459067D26F01C380077781A /* TableViewCell */,
				F459066826EFCB0D0077781A /* CourseListViewController.swift */,
				F459067E26F01CB50077781A /* CourseListViewModel.swift */,
			);
			path = CourseList;
			sourceTree = "<group>";
		};
		F459067C26F01BFA0077781A /* Managers */ = {
			isa = PBXGroup;
			children = (
				F459068626F01E6D0077781A /* NetworkManager.swift */,
				F459068826F01E880077781A /* ImageManager.swift */,
			);
			path = Managers;
			sourceTree = "<group>";
		};
		F459067D26F01C380077781A /* TableViewCell */ = {
			isa = PBXGroup;
			children = (
				F459068026F01CF20077781A /* CourseTableViewCell.swift */,
				F459068226F01D240077781A /* TableViewCellViewModel.swift */,
			);
			path = TableViewCell;
			sourceTree = "<group>";
		};
/* End PBXGroup section */

/* Begin PBXNativeTarget section */
		F459066026EFCB0D0077781A /* Step 3 */ = {
			isa = PBXNativeTarget;
			buildConfigurationList = F459067526EFCB100077781A /* Build configuration list for PBXNativeTarget "Step 3" */;
			buildPhases = (
				F459065D26EFCB0D0077781A /* Sources */,
				F459065E26EFCB0D0077781A /* Frameworks */,
				F459065F26EFCB0D0077781A /* Resources */,
			);
			buildRules = (
			);
			dependencies = (
			);
			name = "Step 3";
			productName = "Step 3";
			productReference = F459066126EFCB0D0077781A /* Step 3.app */;
			productType = "com.apple.product-type.application";
		};
/* End PBXNativeTarget section */

/* Begin PBXProject section */
		F459065926EFCB0D0077781A /* Project object */ = {
			isa = PBXProject;
			attributes = {
				LastSwiftUpdateCheck = 1250;
				LastUpgradeCheck = 1250;
				TargetAttributes = {
					F459066026EFCB0D0077781A = {
						CreatedOnToolsVersion = 12.5;
					};
				};
			};
			buildConfigurationList = F459065C26EFCB0D0077781A /* Build configuration list for PBXProject "Step 3" */;
			compatibilityVersion = "Xcode 9.3";
			developmentRegion = en;
			hasScannedForEncodings = 0;
			knownRegions = (
				en,
				Base,
			);
			mainGroup = F459065826EFCB0D0077781A;
			productRefGroup = F459066226EFCB0D0077781A /* Products */;
			projectDirPath = "";
			projectRoot = "";
			targets = (
				F459066026EFCB0D0077781A /* Step 3 */,
			);
		};
/* End PBXProject section */

/* Begin PBXResourcesBuildPhase section */
		F459065F26EFCB0D0077781A /* Resources */ = {
			isa = PBXResourcesBuildPhase;
			buildActionMask = 2147483647;
			files = (
				F459067126EFCB100077781A /* LaunchScreen.storyboard in Resources */,
				F459066E26EFCB100077781A /* Assets.xcassets in Resources */,
				F459066C26EFCB0D0077781A /* Main.storyboard in Resources */,
			);
			runOnlyForDeploymentPostprocessing = 0;
		};
/* End PBXResourcesBuildPhase section */

/* Begin PBXSourcesBuildPhase section */
		F459065D26EFCB0D0077781A /* Sources */ = {
			isa = PBXSourcesBuildPhase;
			buildActionMask = 2147483647;
			files = (
				F459068326F01D240077781A /* TableViewCellViewModel.swift in Sources */,
				F459068526F01E3C0077781A /* Course.swift in Sources */,
				F459066926EFCB0D0077781A /* CourseListViewController.swift in Sources */,
				F459068926F01E880077781A /* ImageManager.swift in Sources */,
				F459067F26F01CB50077781A /* CourseListViewModel.swift in Sources */,
				F459068726F01E6D0077781A /* NetworkManager.swift in Sources */,
				F459066526EFCB0D0077781A /* AppDelegate.swift in Sources */,
				F459066726EFCB0D0077781A /* SceneDelegate.swift in Sources */,
				F459068126F01CF20077781A /* CourseTableViewCell.swift in Sources */,
			);
			runOnlyForDeploymentPostprocessing = 0;
		};
/* End PBXSourcesBuildPhase section */

/* Begin PBXVariantGroup section */
		F459066A26EFCB0D0077781A /* Main.storyboard */ = {
			isa = PBXVariantGroup;
			children = (
				F459066B26EFCB0D0077781A /* Base */,
			);
			name = Main.storyboard;
			sourceTree = "<group>";
		};
		F459066F26EFCB100077781A /* LaunchScreen.storyboard */ = {
			isa = PBXVariantGroup;
			children = (
				F459067026EFCB100077781A /* Base */,
			);
			name = LaunchScreen.storyboard;
			sourceTree = "<group>";
		};
/* End PBXVariantGroup section */

/* Begin XCBuildConfiguration section */
		F459067326EFCB100077781A /* Debug */ = {
			isa = XCBuildConfiguration;
			buildSettings = {
				ALWAYS_SEARCH_USER_PATHS = NO;
				CLANG_ANALYZER_NONNULL = YES;
				CLANG_ANALYZER_NUMBER_OBJECT_CONVERSION = YES_AGGRESSIVE;
				CLANG_CXX_LANGUAGE_STANDARD = "gnu++14";
				CLANG_CXX_LIBRARY = "libc++";
				CLANG_ENABLE_MODULES = YES;
				CLANG_ENABLE_OBJC_ARC = YES;
				CLANG_ENABLE_OBJC_WEAK = YES;
				CLANG_WARN_BLOCK_CAPTURE_AUTORELEASING = YES;
				CLANG_WARN_BOOL_CONVERSION = YES;
				CLANG_WARN_COMMA = YES;
				CLANG_WARN_CONSTANT_CONVERSION = YES;
				CLANG_WARN_DEPRECATED_OBJC_IMPLEMENTATIONS = YES;
				CLANG_WARN_DIRECT_OBJC_ISA_USAGE = YES_ERROR;
				CLANG_WARN_DOCUMENTATION_COMMENTS = YES;
				CLANG_WARN_EMPTY_BODY = YES;
				CLANG_WARN_ENUM_CONVERSION = YES;
				CLANG_WARN_INFINITE_RECURSION = YES;
				CLANG_WARN_INT_CONVERSION = YES;
				CLANG_WARN_NON_LITERAL_NULL_CONVERSION = YES;
				CLANG_WARN_OBJC_IMPLICIT_RETAIN_SELF = YES;
				CLANG_WARN_OBJC_LITERAL_CONVERSION = YES;
				CLANG_WARN_OBJC_ROOT_CLASS = YES_ERROR;
				CLANG_WARN_QUOTED_INCLUDE_IN_FRAMEWORK_HEADER = YES;
				CLANG_WARN_RANGE_LOOP_ANALYSIS = YES;
				CLANG_WARN_STRICT_PROTOTYPES = YES;
				CLANG_WARN_SUSPICIOUS_MOVE = YES;
				CLANG_WARN_UNGUARDED_AVAILABILITY = YES_AGGRESSIVE;
				CLANG_WARN_UNREACHABLE_CODE = YES;
				CLANG_WARN__DUPLICATE_METHOD_MATCH = YES;
				COPY_PHASE_STRIP = NO;
				DEBUG_INFORMATION_FORMAT = dwarf;
				ENABLE_STRICT_OBJC_MSGSEND = YES;
				ENABLE_TESTABILITY = YES;
				GCC_C_LANGUAGE_STANDARD = gnu11;
				GCC_DYNAMIC_NO_PIC = NO;
				GCC_NO_COMMON_BLOCKS = YES;
				GCC_OPTIMIZATION_LEVEL = 0;
				GCC_PREPROCESSOR_DEFINITIONS = (
					"DEBUG=1",
					"$(inherited)",
				);
				GCC_WARN_64_TO_32_BIT_CONVERSION = YES;
				GCC_WARN_ABOUT_RETURN_TYPE = YES_ERROR;
				GCC_WARN_UNDECLARED_SELECTOR = YES;
				GCC_WARN_UNINITIALIZED_AUTOS = YES_AGGRESSIVE;
				GCC_WARN_UNUSED_FUNCTION = YES;
				GCC_WARN_UNUSED_VARIABLE = YES;
				IPHONEOS_DEPLOYMENT_TARGET = 14.5;
				MTL_ENABLE_DEBUG_INFO = INCLUDE_SOURCE;
				MTL_FAST_MATH = YES;
				ONLY_ACTIVE_ARCH = YES;
				SDKROOT = iphoneos;
				SWIFT_ACTIVE_COMPILATION_CONDITIONS = DEBUG;
				SWIFT_OPTIMIZATION_LEVEL = "-Onone";
			};
			name = Debug;
		};
		F459067426EFCB100077781A /* Release */ = {
			isa = XCBuildConfiguration;
			buildSettings = {
				ALWAYS_SEARCH_USER_PATHS = NO;
				CLANG_ANALYZER_NONNULL = YES;
				CLANG_ANALYZER_NUMBER_OBJECT_CONVERSION = YES_AGGRESSIVE;
				CLANG_CXX_LANGUAGE_STANDARD = "gnu++14";
				CLANG_CXX_LIBRARY = "libc++";
				CLANG_ENABLE_MODULES = YES;
				CLANG_ENABLE_OBJC_ARC = YES;
				CLANG_ENABLE_OBJC_WEAK = YES;
				CLANG_WARN_BLOCK_CAPTURE_AUTORELEASING = YES;
				CLANG_WARN_BOOL_CONVERSION = YES;
				CLANG_WARN_COMMA = YES;
				CLANG_WARN_CONSTANT_CONVERSION = YES;
				CLANG_WARN_DEPRECATED_OBJC_IMPLEMENTATIONS = YES;
				CLANG_WARN_DIRECT_OBJC_ISA_USAGE = YES_ERROR;
				CLANG_WARN_DOCUMENTATION_COMMENTS = YES;
				CLANG_WARN_EMPTY_BODY = YES;
				CLANG_WARN_ENUM_CONVERSION = YES;
				CLANG_WARN_INFINITE_RECURSION = YES;
				CLANG_WARN_INT_CONVERSION = YES;
				CLANG_WARN_NON_LITERAL_NULL_CONVERSION = YES;
				CLANG_WARN_OBJC_IMPLICIT_RETAIN_SELF = YES;
				CLANG_WARN_OBJC_LITERAL_CONVERSION = YES;
				CLANG_WARN_OBJC_ROOT_CLASS = YES_ERROR;
				CLANG_WARN_QUOTED_INCLUDE_IN_FRAMEWORK_HEADER = YES;
				CLANG_WARN_RANGE_LOOP_ANALYSIS = YES;
				CLANG_WARN_STRICT_PROTOTYPES = YES;
				CLANG_WARN_SUSPICIOUS_MOVE = YES;
				CLANG_WARN_UNGUARDED_AVAILABILITY = YES_AGGRESSIVE;
				CLANG_WARN_UNREACHABLE_CODE = YES;
				CLANG_WARN__DUPLICATE_METHOD_MATCH = YES;
				COPY_PHASE_STRIP = NO;
				DEBUG_INFORMATION_FORMAT = "dwarf-with-dsym";
				ENABLE_NS_ASSERTIONS = NO;
				ENABLE_STRICT_OBJC_MSGSEND = YES;
				GCC_C_LANGUAGE_STANDARD = gnu11;
				GCC_NO_COMMON_BLOCKS = YES;
				GCC_WARN_64_TO_32_BIT_CONVERSION = YES;
				GCC_WARN_ABOUT_RETURN_TYPE = YES_ERROR;
				GCC_WARN_UNDECLARED_SELECTOR = YES;
				GCC_WARN_UNINITIALIZED_AUTOS = YES_AGGRESSIVE;
				GCC_WARN_UNUSED_FUNCTION = YES;
				GCC_WARN_UNUSED_VARIABLE = YES;
				IPHONEOS_DEPLOYMENT_TARGET = 14.5;
				MTL_ENABLE_DEBUG_INFO = NO;
				MTL_FAST_MATH = YES;
				SDKROOT = iphoneos;
				SWIFT_COMPILATION_MODE = wholemodule;
				SWIFT_OPTIMIZATION_LEVEL = "-O";
				VALIDATE_PRODUCT = YES;
			};
			name = Release;
		};
		F459067626EFCB100077781A /* Debug */ = {
			isa = XCBuildConfiguration;
			buildSettings = {
				ASSETCATALOG_COMPILER_APPICON_NAME = AppIcon;
				ASSETCATALOG_COMPILER_GLOBAL_ACCENT_COLOR_NAME = AccentColor;
				CODE_SIGN_STYLE = Automatic;
				DEVELOPMENT_TEAM = 7XLJ4BB85J;
				INFOPLIST_FILE = "Step 3/Info.plist";
				LD_RUNPATH_SEARCH_PATHS = (
					"$(inherited)",
					"@executable_path/Frameworks",
				);
				PRODUCT_BUNDLE_IDENTIFIER = "S.K.A..Step-3";
				PRODUCT_NAME = "$(TARGET_NAME)";
				SWIFT_VERSION = 5.0;
				TARGETED_DEVICE_FAMILY = "1,2";
			};
			name = Debug;
		};
		F459067726EFCB100077781A /* Release */ = {
			isa = XCBuildConfiguration;
			buildSettings = {
				ASSETCATALOG_COMPILER_APPICON_NAME = AppIcon;
				ASSETCATALOG_COMPILER_GLOBAL_ACCENT_COLOR_NAME = AccentColor;
				CODE_SIGN_STYLE = Automatic;
				DEVELOPMENT_TEAM = 7XLJ4BB85J;
				INFOPLIST_FILE = "Step 3/Info.plist";
				LD_RUNPATH_SEARCH_PATHS = (
					"$(inherited)",
					"@executable_path/Frameworks",
				);
				PRODUCT_BUNDLE_IDENTIFIER = "S.K.A..Step-3";
				PRODUCT_NAME = "$(TARGET_NAME)";
				SWIFT_VERSION = 5.0;
				TARGETED_DEVICE_FAMILY = "1,2";
			};
			name = Release;
		};
/* End XCBuildConfiguration section */

/* Begin XCConfigurationList section */
		F459065C26EFCB0D0077781A /* Build configuration list for PBXProject "Step 3" */ = {
			isa = XCConfigurationList;
			buildConfigurations = (
				F459067326EFCB100077781A /* Debug */,
				F459067426EFCB100077781A /* Release */,
			);
			defaultConfigurationIsVisible = 0;
			defaultConfigurationName = Release;
		};
		F459067526EFCB100077781A /* Build configuration list for PBXNativeTarget "Step 3" */ = {
			isa = XCConfigurationList;
			buildConfigurations = (
				F459067626EFCB100077781A /* Debug */,
				F459067726EFCB100077781A /* Release */,
			);
			defaultConfigurationIsVisible = 0;
			defaultConfigurationName = Release;
		};
/* End XCConfigurationList section */
	};
	rootObject = F459065926EFCB0D0077781A /* Project object */;
}
